
Microsoft Visual Studio Solution File, Format Version 12.00
# Visual Studio Version 17
VisualStudioVersion = 17.0.31825.309
MinimumVisualStudioVersion = 10.0.40219.1
Project("{FAE04EC0-301F-11D3-BF4B-00C04F79EFBC}") = "BlazorNFC", "BlazorNFC\BlazorNFC.csproj", "{45510559-2184-47F6-A8BF-2808AF00FE27}"
EndProject
Global
	GlobalSection(SolutionConfigurationPlatforms) = preSolution
		Debug|Any CPU = Debug|Any CPU
		Release|Any CPU = Release|Any CPU
	EndGlobalSection
	GlobalSection(ProjectConfigurationPlatforms) = postSolution
		{45510559-2184-47F6-A8BF-2808AF00FE27}.Debug|Any CPU.ActiveCfg = Debug|Any CPU
		{45510559-2184-47F6-A8BF-2808AF00FE27}.Debug|Any CPU.Build.0 = Debug|Any CPU
		{45510559-2184-47F6-A8BF-2808AF00FE27}.Release|Any CPU.ActiveCfg = Release|Any CPU
		{45510559-2184-47F6-A8BF-2808AF00FE27}.Release|Any CPU.Build.0 = Release|Any CPU
	EndGlobalSection
	GlobalSection(SolutionProperties) = preSolution
		HideSolutionNode = FALSE
	EndGlobalSection
	GlobalSection(ExtensibilityGlobals) = postSolution
		SolutionGuid = {A8315F88-1C8B-41AB-A5F0-148DD118DD72}
	EndGlobalSection
EndGlobal
